// !$*UTF8*$!
{
	archiveVersion = 1;
	classes = {
	};
	objectVersion = 56;
	objects = {

/* Begin PBXBuildFile section */
		383634C72D16D9CD00728CB1 /* BaseViewController.swift in Sources */ = {isa = PBXBuildFile; fileRef = 383634C62D16D9CD00728CB1 /* BaseViewController.swift */; };
		383634CD2D16E30F00728CB1 /* ProductCollectionViewCell.swift in Sources */ = {isa = PBXBuildFile; fileRef = 383634CC2D16E30F00728CB1 /* ProductCollectionViewCell.swift */; };
		383634D02D16F68100728CB1 /* Montserrat-Black.ttf in Resources */ = {isa = PBXBuildFile; fileRef = 383634CF2D16F68100728CB1 /* Montserrat-Black.ttf */; };
		383634D22D16F69C00728CB1 /* Montserrat-Regular.ttf in Resources */ = {isa = PBXBuildFile; fileRef = 383634D12D16F69C00728CB1 /* Montserrat-Regular.ttf */; };
		383634D42D16F6AD00728CB1 /* Montserrat-SemiBold.ttf in Resources */ = {isa = PBXBuildFile; fileRef = 383634D32D16F6AD00728CB1 /* Montserrat-SemiBold.ttf */; };
		383634D62D16F6C100728CB1 /* Montserrat-Bold.ttf in Resources */ = {isa = PBXBuildFile; fileRef = 383634D52D16F6C100728CB1 /* Montserrat-Bold.ttf */; };
		383634D92D173A4700728CB1 /* FilterViewController.swift in Sources */ = {isa = PBXBuildFile; fileRef = 383634D82D173A4700728CB1 /* FilterViewController.swift */; };
		383634DB2D173B6F00728CB1 /* FilterViewModel.swift in Sources */ = {isa = PBXBuildFile; fileRef = 383634DA2D173B6F00728CB1 /* FilterViewModel.swift */; };
		383634DD2D173DE600728CB1 /* FilterManager.swift in Sources */ = {isa = PBXBuildFile; fileRef = 383634DC2D173DE600728CB1 /* FilterManager.swift */; };
		383634E02D1745FE00728CB1 /* FilterTableViewCell.swift in Sources */ = {isa = PBXBuildFile; fileRef = 383634DF2D1745FE00728CB1 /* FilterTableViewCell.swift */; };
		383634E22D17528700728CB1 /* FilterOptionButton.swift in Sources */ = {isa = PBXBuildFile; fileRef = 383634E12D17528700728CB1 /* FilterOptionButton.swift */; };
		383634E42D1763B700728CB1 /* ProductDetailViewModel.swift in Sources */ = {isa = PBXBuildFile; fileRef = 383634E32D1763B700728CB1 /* ProductDetailViewModel.swift */; };
		383634E62D17648C00728CB1 /* ProductDetailViewController.swift in Sources */ = {isa = PBXBuildFile; fileRef = 383634E52D17648C00728CB1 /* ProductDetailViewController.swift */; };
		383634E82D17668C00728CB1 /* String+Ext.swift in Sources */ = {isa = PBXBuildFile; fileRef = 383634E72D17668C00728CB1 /* String+Ext.swift */; };
		383634EB2D1776DB00728CB1 /* CartItemModel.xcdatamodeld in Sources */ = {isa = PBXBuildFile; fileRef = 383634E92D1776DB00728CB1 /* CartItemModel.xcdatamodeld */; };
		383634ED2D1778F900728CB1 /* CartManager.swift in Sources */ = {isa = PBXBuildFile; fileRef = 383634EC2D1778F900728CB1 /* CartManager.swift */; };
		383634EF2D177C3000728CB1 /* CartViewModel.swift in Sources */ = {isa = PBXBuildFile; fileRef = 383634EE2D177C3000728CB1 /* CartViewModel.swift */; };
		383634F12D177C4700728CB1 /* CartViewController.swift in Sources */ = {isa = PBXBuildFile; fileRef = 383634F02D177C4700728CB1 /* CartViewController.swift */; };
		383634F42D177F1F00728CB1 /* CartItemTableViewCell.swift in Sources */ = {isa = PBXBuildFile; fileRef = 383634F32D177F1F00728CB1 /* CartItemTableViewCell.swift */; };
		383634F62D17801A00728CB1 /* Integer+Ext.swift in Sources */ = {isa = PBXBuildFile; fileRef = 383634F52D17801A00728CB1 /* Integer+Ext.swift */; };
		383634FA2D1791C000728CB1 /* ViewController.swift in Sources */ = {isa = PBXBuildFile; fileRef = 383634F92D1791C000728CB1 /* ViewController.swift */; };
		388197C02D14C2A800D3D3A1 /* Color+Ext.swift in Sources */ = {isa = PBXBuildFile; fileRef = 388197BF2D14C2A800D3D3A1 /* Color+Ext.swift */; };
		388197C32D14C56F00D3D3A1 /* TabBarController.swift in Sources */ = {isa = PBXBuildFile; fileRef = 388197C22D14C56F00D3D3A1 /* TabBarController.swift */; };
		38A7A97D2D1359E7009B36B9 /* ProductsViewModel.swift in Sources */ = {isa = PBXBuildFile; fileRef = 38A7A97C2D1359E7009B36B9 /* ProductsViewModel.swift */; };
		38A7A97F2D136176009B36B9 /* ProductsViewController.swift in Sources */ = {isa = PBXBuildFile; fileRef = 38A7A97E2D136176009B36B9 /* ProductsViewController.swift */; };
		38A7A9812D136768009B36B9 /* NetworkError.swift in Sources */ = {isa = PBXBuildFile; fileRef = 38A7A9802D136768009B36B9 /* NetworkError.swift */; };
		38E931C22D10C8690003D619 /* AppDelegate.swift in Sources */ = {isa = PBXBuildFile; fileRef = 38E931C12D10C8690003D619 /* AppDelegate.swift */; };
		38E931C42D10C8690003D619 /* SceneDelegate.swift in Sources */ = {isa = PBXBuildFile; fileRef = 38E931C32D10C8690003D619 /* SceneDelegate.swift */; };
		38E931CB2D10C86B0003D619 /* Assets.xcassets in Resources */ = {isa = PBXBuildFile; fileRef = 38E931CA2D10C86B0003D619 /* Assets.xcassets */; };
		38E931CE2D10C86B0003D619 /* LaunchScreen.storyboard in Resources */ = {isa = PBXBuildFile; fileRef = 38E931CC2D10C86B0003D619 /* LaunchScreen.storyboard */; };
		38E931D92D10C86B0003D619 /* ECommerceAppTests.swift in Sources */ = {isa = PBXBuildFile; fileRef = 38E931D82D10C86B0003D619 /* ECommerceAppTests.swift */; };
		38E931E32D10C86B0003D619 /* ECommerceAppUITests.swift in Sources */ = {isa = PBXBuildFile; fileRef = 38E931E22D10C86B0003D619 /* ECommerceAppUITests.swift */; };
		38E931E52D10C86B0003D619 /* ECommerceAppUITestsLaunchTests.swift in Sources */ = {isa = PBXBuildFile; fileRef = 38E931E42D10C86B0003D619 /* ECommerceAppUITestsLaunchTests.swift */; };
		38E932022D10CF230003D619 /* Product.swift in Sources */ = {isa = PBXBuildFile; fileRef = 38E932012D10CF230003D619 /* Product.swift */; };
		38E9320A2D10D6100003D619 /* NetworkManager.swift in Sources */ = {isa = PBXBuildFile; fileRef = 38E932092D10D6100003D619 /* NetworkManager.swift */; };
		38E9320C2D10D7A70003D619 /* Endpoint.swift in Sources */ = {isa = PBXBuildFile; fileRef = 38E9320B2D10D7A70003D619 /* Endpoint.swift */; };
		38E932102D10D7BC0003D619 /* HTTPMethod.swift in Sources */ = {isa = PBXBuildFile; fileRef = 38E9320F2D10D7BC0003D619 /* HTTPMethod.swift */; };
		38E9321A2D10D8950003D619 /* DataRequest.swift in Sources */ = {isa = PBXBuildFile; fileRef = 38E932192D10D8950003D619 /* DataRequest.swift */; };
/* End PBXBuildFile section */

/* Begin PBXContainerItemProxy section */
		38E931D52D10C86B0003D619 /* PBXContainerItemProxy */ = {
			isa = PBXContainerItemProxy;
			containerPortal = 38E931B62D10C8690003D619 /* Project object */;
			proxyType = 1;
			remoteGlobalIDString = 38E931BD2D10C8690003D619;
			remoteInfo = ECommerceApp;
		};
		38E931DF2D10C86B0003D619 /* PBXContainerItemProxy */ = {
			isa = PBXContainerItemProxy;
			containerPortal = 38E931B62D10C8690003D619 /* Project object */;
			proxyType = 1;
			remoteGlobalIDString = 38E931BD2D10C8690003D619;
			remoteInfo = ECommerceApp;
		};
/* End PBXContainerItemProxy section */

/* Begin PBXFileReference section */
		383634C62D16D9CD00728CB1 /* BaseViewController.swift */ = {isa = PBXFileReference; lastKnownFileType = sourcecode.swift; path = BaseViewController.swift; sourceTree = "<group>"; };
		383634CC2D16E30F00728CB1 /* ProductCollectionViewCell.swift */ = {isa = PBXFileReference; lastKnownFileType = sourcecode.swift; path = ProductCollectionViewCell.swift; sourceTree = "<group>"; };
		383634CF2D16F68100728CB1 /* Montserrat-Black.ttf */ = {isa = PBXFileReference; lastKnownFileType = file; path = "Montserrat-Black.ttf"; sourceTree = "<group>"; };
		383634D12D16F69C00728CB1 /* Montserrat-Regular.ttf */ = {isa = PBXFileReference; lastKnownFileType = file; path = "Montserrat-Regular.ttf"; sourceTree = "<group>"; };
		383634D32D16F6AD00728CB1 /* Montserrat-SemiBold.ttf */ = {isa = PBXFileReference; lastKnownFileType = file; path = "Montserrat-SemiBold.ttf"; sourceTree = "<group>"; };
		383634D52D16F6C100728CB1 /* Montserrat-Bold.ttf */ = {isa = PBXFileReference; lastKnownFileType = file; path = "Montserrat-Bold.ttf"; sourceTree = "<group>"; };
		383634D82D173A4700728CB1 /* FilterViewController.swift */ = {isa = PBXFileReference; lastKnownFileType = sourcecode.swift; path = FilterViewController.swift; sourceTree = "<group>"; };
		383634DA2D173B6F00728CB1 /* FilterViewModel.swift */ = {isa = PBXFileReference; lastKnownFileType = sourcecode.swift; path = FilterViewModel.swift; sourceTree = "<group>"; };
		383634DC2D173DE600728CB1 /* FilterManager.swift */ = {isa = PBXFileReference; lastKnownFileType = sourcecode.swift; path = FilterManager.swift; sourceTree = "<group>"; };
		383634DF2D1745FE00728CB1 /* FilterTableViewCell.swift */ = {isa = PBXFileReference; lastKnownFileType = sourcecode.swift; path = FilterTableViewCell.swift; sourceTree = "<group>"; };
		383634E12D17528700728CB1 /* FilterOptionButton.swift */ = {isa = PBXFileReference; lastKnownFileType = sourcecode.swift; path = FilterOptionButton.swift; sourceTree = "<group>"; };
		383634E32D1763B700728CB1 /* ProductDetailViewModel.swift */ = {isa = PBXFileReference; lastKnownFileType = sourcecode.swift; path = ProductDetailViewModel.swift; sourceTree = "<group>"; };
		383634E52D17648C00728CB1 /* ProductDetailViewController.swift */ = {isa = PBXFileReference; lastKnownFileType = sourcecode.swift; path = ProductDetailViewController.swift; sourceTree = "<group>"; };
		383634E72D17668C00728CB1 /* String+Ext.swift */ = {isa = PBXFileReference; lastKnownFileType = sourcecode.swift; path = "String+Ext.swift"; sourceTree = "<group>"; };
		383634EA2D1776DB00728CB1 /* CartItemModel.xcdatamodel */ = {isa = PBXFileReference; lastKnownFileType = wrapper.xcdatamodel; path = CartItemModel.xcdatamodel; sourceTree = "<group>"; };
		383634EC2D1778F900728CB1 /* CartManager.swift */ = {isa = PBXFileReference; lastKnownFileType = sourcecode.swift; path = CartManager.swift; sourceTree = "<group>"; };
		383634EE2D177C3000728CB1 /* CartViewModel.swift */ = {isa = PBXFileReference; lastKnownFileType = sourcecode.swift; path = CartViewModel.swift; sourceTree = "<group>"; };
		383634F02D177C4700728CB1 /* CartViewController.swift */ = {isa = PBXFileReference; lastKnownFileType = sourcecode.swift; path = CartViewController.swift; sourceTree = "<group>"; };
		383634F32D177F1F00728CB1 /* CartItemTableViewCell.swift */ = {isa = PBXFileReference; lastKnownFileType = sourcecode.swift; path = CartItemTableViewCell.swift; sourceTree = "<group>"; };
		383634F52D17801A00728CB1 /* Integer+Ext.swift */ = {isa = PBXFileReference; lastKnownFileType = sourcecode.swift; path = "Integer+Ext.swift"; sourceTree = "<group>"; };
		383634F92D1791C000728CB1 /* ViewController.swift */ = {isa = PBXFileReference; lastKnownFileType = sourcecode.swift; path = ViewController.swift; sourceTree = "<group>"; };
		388197BF2D14C2A800D3D3A1 /* Color+Ext.swift */ = {isa = PBXFileReference; lastKnownFileType = sourcecode.swift; path = "Color+Ext.swift"; sourceTree = "<group>"; };
		388197C22D14C56F00D3D3A1 /* TabBarController.swift */ = {isa = PBXFileReference; lastKnownFileType = sourcecode.swift; path = TabBarController.swift; sourceTree = "<group>"; };
		38A7A97C2D1359E7009B36B9 /* ProductsViewModel.swift */ = {isa = PBXFileReference; lastKnownFileType = sourcecode.swift; path = ProductsViewModel.swift; sourceTree = "<group>"; };
		38A7A97E2D136176009B36B9 /* ProductsViewController.swift */ = {isa = PBXFileReference; lastKnownFileType = sourcecode.swift; path = ProductsViewController.swift; sourceTree = "<group>"; };
		38A7A9802D136768009B36B9 /* NetworkError.swift */ = {isa = PBXFileReference; lastKnownFileType = sourcecode.swift; path = NetworkError.swift; sourceTree = "<group>"; };
		38E931BE2D10C8690003D619 /* ECommerceApp.app */ = {isa = PBXFileReference; explicitFileType = wrapper.application; includeInIndex = 0; path = ECommerceApp.app; sourceTree = BUILT_PRODUCTS_DIR; };
		38E931C12D10C8690003D619 /* AppDelegate.swift */ = {isa = PBXFileReference; lastKnownFileType = sourcecode.swift; path = AppDelegate.swift; sourceTree = "<group>"; };
		38E931C32D10C8690003D619 /* SceneDelegate.swift */ = {isa = PBXFileReference; lastKnownFileType = sourcecode.swift; path = SceneDelegate.swift; sourceTree = "<group>"; };
		38E931CA2D10C86B0003D619 /* Assets.xcassets */ = {isa = PBXFileReference; lastKnownFileType = folder.assetcatalog; path = Assets.xcassets; sourceTree = "<group>"; };
		38E931CD2D10C86B0003D619 /* Base */ = {isa = PBXFileReference; lastKnownFileType = file.storyboard; name = Base; path = Base.lproj/LaunchScreen.storyboard; sourceTree = "<group>"; };
		38E931CF2D10C86B0003D619 /* Info.plist */ = {isa = PBXFileReference; lastKnownFileType = text.plist.xml; path = Info.plist; sourceTree = "<group>"; };
		38E931D42D10C86B0003D619 /* ECommerceAppTests.xctest */ = {isa = PBXFileReference; explicitFileType = wrapper.cfbundle; includeInIndex = 0; path = ECommerceAppTests.xctest; sourceTree = BUILT_PRODUCTS_DIR; };
		38E931D82D10C86B0003D619 /* ECommerceAppTests.swift */ = {isa = PBXFileReference; lastKnownFileType = sourcecode.swift; path = ECommerceAppTests.swift; sourceTree = "<group>"; };
		38E931DE2D10C86B0003D619 /* ECommerceAppUITests.xctest */ = {isa = PBXFileReference; explicitFileType = wrapper.cfbundle; includeInIndex = 0; path = ECommerceAppUITests.xctest; sourceTree = BUILT_PRODUCTS_DIR; };
		38E931E22D10C86B0003D619 /* ECommerceAppUITests.swift */ = {isa = PBXFileReference; lastKnownFileType = sourcecode.swift; path = ECommerceAppUITests.swift; sourceTree = "<group>"; };
		38E931E42D10C86B0003D619 /* ECommerceAppUITestsLaunchTests.swift */ = {isa = PBXFileReference; lastKnownFileType = sourcecode.swift; path = ECommerceAppUITestsLaunchTests.swift; sourceTree = "<group>"; };
		38E932012D10CF230003D619 /* Product.swift */ = {isa = PBXFileReference; lastKnownFileType = sourcecode.swift; path = Product.swift; sourceTree = "<group>"; };
		38E932092D10D6100003D619 /* NetworkManager.swift */ = {isa = PBXFileReference; lastKnownFileType = sourcecode.swift; path = NetworkManager.swift; sourceTree = "<group>"; };
		38E9320B2D10D7A70003D619 /* Endpoint.swift */ = {isa = PBXFileReference; lastKnownFileType = sourcecode.swift; path = Endpoint.swift; sourceTree = "<group>"; };
		38E9320F2D10D7BC0003D619 /* HTTPMethod.swift */ = {isa = PBXFileReference; lastKnownFileType = sourcecode.swift; path = HTTPMethod.swift; sourceTree = "<group>"; };
		38E932192D10D8950003D619 /* DataRequest.swift */ = {isa = PBXFileReference; lastKnownFileType = sourcecode.swift; path = DataRequest.swift; sourceTree = "<group>"; };
/* End PBXFileReference section */

/* Begin PBXFrameworksBuildPhase section */
		38E931BB2D10C8690003D619 /* Frameworks */ = {
			isa = PBXFrameworksBuildPhase;
			buildActionMask = 2147483647;
			files = (
			);
			runOnlyForDeploymentPostprocessing = 0;
		};
		38E931D12D10C86B0003D619 /* Frameworks */ = {
			isa = PBXFrameworksBuildPhase;
			buildActionMask = 2147483647;
			files = (
			);
			runOnlyForDeploymentPostprocessing = 0;
		};
		38E931DB2D10C86B0003D619 /* Frameworks */ = {
			isa = PBXFrameworksBuildPhase;
			buildActionMask = 2147483647;
			files = (
			);
			runOnlyForDeploymentPostprocessing = 0;
		};
/* End PBXFrameworksBuildPhase section */

/* Begin PBXGroup section */
		383634C52D16D9C400728CB1 /* BaseViewController */ = {
			isa = PBXGroup;
			children = (
				383634C62D16D9CD00728CB1 /* BaseViewController.swift */,
			);
			path = BaseViewController;
			sourceTree = "<group>";
		};
		383634CB2D16E2EC00728CB1 /* Cell */ = {
			isa = PBXGroup;
			children = (
				383634CC2D16E30F00728CB1 /* ProductCollectionViewCell.swift */,
			);
			path = Cell;
			sourceTree = "<group>";
		};
		383634CE2D16F62000728CB1 /* Fonts */ = {
			isa = PBXGroup;
			children = (
				383634D52D16F6C100728CB1 /* Montserrat-Bold.ttf */,
				383634D32D16F6AD00728CB1 /* Montserrat-SemiBold.ttf */,
				383634CF2D16F68100728CB1 /* Montserrat-Black.ttf */,
				383634D12D16F69C00728CB1 /* Montserrat-Regular.ttf */,
			);
			path = Fonts;
			sourceTree = "<group>";
		};
		383634D72D173A3900728CB1 /* FilterViewController */ = {
			isa = PBXGroup;
			children = (
				383634DE2D1745EC00728CB1 /* View */,
				383634D82D173A4700728CB1 /* FilterViewController.swift */,
				383634DA2D173B6F00728CB1 /* FilterViewModel.swift */,
			);
			path = FilterViewController;
			sourceTree = "<group>";
		};
		383634DE2D1745EC00728CB1 /* View */ = {
			isa = PBXGroup;
			children = (
				383634DF2D1745FE00728CB1 /* FilterTableViewCell.swift */,
				383634E12D17528700728CB1 /* FilterOptionButton.swift */,
			);
			path = View;
			sourceTree = "<group>";
		};
		383634F22D177F0C00728CB1 /* View */ = {
			isa = PBXGroup;
			children = (
				383634F32D177F1F00728CB1 /* CartItemTableViewCell.swift */,
			);
			path = View;
			sourceTree = "<group>";
		};
		383634FB2D17949A00728CB1 /* Managers */ = {
			isa = PBXGroup;
			children = (
				383634DC2D173DE600728CB1 /* FilterManager.swift */,
				383634EC2D1778F900728CB1 /* CartManager.swift */,
			);
			path = Managers;
			sourceTree = "<group>";
		};
		388197C12D14C54600D3D3A1 /* TabBarController */ = {
			isa = PBXGroup;
			children = (
				388197C22D14C56F00D3D3A1 /* TabBarController.swift */,
			);
			path = TabBarController;
			sourceTree = "<group>";
		};
		38E931B52D10C8690003D619 = {
			isa = PBXGroup;
			children = (
				38E931C02D10C8690003D619 /* ECommerceApp */,
				38E931D72D10C86B0003D619 /* ECommerceAppTests */,
				38E931E12D10C86B0003D619 /* ECommerceAppUITests */,
				38E931BF2D10C8690003D619 /* Products */,
			);
			sourceTree = "<group>";
		};
		38E931BF2D10C8690003D619 /* Products */ = {
			isa = PBXGroup;
			children = (
				38E931BE2D10C8690003D619 /* ECommerceApp.app */,
				38E931D42D10C86B0003D619 /* ECommerceAppTests.xctest */,
				38E931DE2D10C86B0003D619 /* ECommerceAppUITests.xctest */,
			);
			name = Products;
			sourceTree = "<group>";
		};
		38E931C02D10C8690003D619 /* ECommerceApp */ = {
			isa = PBXGroup;
			children = (
				383634FB2D17949A00728CB1 /* Managers */,
				38E931F12D10C99A0003D619 /* Application */,
				38E932002D10CABD0003D619 /* Network */,
				38E931FD2D10CAA60003D619 /* Data */,
				38E931FC2D10CA8E0003D619 /* Models */,
				38E931F72D10CA570003D619 /* Modules */,
				38E931F32D10CA170003D619 /* Utilities */,
				38E931F22D10C9BA0003D619 /* Resources */,
				383634F92D1791C000728CB1 /* ViewController.swift */,
			);
			path = ECommerceApp;
			sourceTree = "<group>";
		};
		38E931D72D10C86B0003D619 /* ECommerceAppTests */ = {
			isa = PBXGroup;
			children = (
				38E931D82D10C86B0003D619 /* ECommerceAppTests.swift */,
			);
			path = ECommerceAppTests;
			sourceTree = "<group>";
		};
		38E931E12D10C86B0003D619 /* ECommerceAppUITests */ = {
			isa = PBXGroup;
			children = (
				38E931E22D10C86B0003D619 /* ECommerceAppUITests.swift */,
				38E931E42D10C86B0003D619 /* ECommerceAppUITestsLaunchTests.swift */,
			);
			path = ECommerceAppUITests;
			sourceTree = "<group>";
		};
		38E931F12D10C99A0003D619 /* Application */ = {
			isa = PBXGroup;
			children = (
				38E931C12D10C8690003D619 /* AppDelegate.swift */,
				38E931C32D10C8690003D619 /* SceneDelegate.swift */,
			);
			path = Application;
			sourceTree = "<group>";
		};
		38E931F22D10C9BA0003D619 /* Resources */ = {
			isa = PBXGroup;
			children = (
				383634CE2D16F62000728CB1 /* Fonts */,
				38E931CA2D10C86B0003D619 /* Assets.xcassets */,
				38E931CC2D10C86B0003D619 /* LaunchScreen.storyboard */,
				38E931CF2D10C86B0003D619 /* Info.plist */,
			);
			path = Resources;
			sourceTree = "<group>";
		};
		38E931F32D10CA170003D619 /* Utilities */ = {
			isa = PBXGroup;
			children = (
				38E931F42D10CA1A0003D619 /* Extensions */,
				38E931F52D10CA270003D619 /* Constants */,
				38E931F62D10CA3D0003D619 /* Helpers */,
			);
			path = Utilities;
			sourceTree = "<group>";
		};
		38E931F42D10CA1A0003D619 /* Extensions */ = {
			isa = PBXGroup;
			children = (
				388197BF2D14C2A800D3D3A1 /* Color+Ext.swift */,
				383634E72D17668C00728CB1 /* String+Ext.swift */,
				383634F52D17801A00728CB1 /* Integer+Ext.swift */,
			);
			path = Extensions;
			sourceTree = "<group>";
		};
		38E931F52D10CA270003D619 /* Constants */ = {
			isa = PBXGroup;
			children = (
			);
			path = Constants;
			sourceTree = "<group>";
		};
		38E931F62D10CA3D0003D619 /* Helpers */ = {
			isa = PBXGroup;
			children = (
			);
			path = Helpers;
			sourceTree = "<group>";
		};
		38E931F72D10CA570003D619 /* Modules */ = {
			isa = PBXGroup;
			children = (
				383634D72D173A3900728CB1 /* FilterViewController */,
				383634C52D16D9C400728CB1 /* BaseViewController */,
				388197C12D14C54600D3D3A1 /* TabBarController */,
				38E931FB2D10CA7E0003D619 /* ProductList */,
				38E931FA2D10CA780003D619 /* ProductDetail */,
				38E931F92D10CA6D0003D619 /* Cart */,
				38E931F82D10CA590003D619 /* Favorites */,
			);
			path = Modules;
			sourceTree = "<group>";
		};
		38E931F82D10CA590003D619 /* Favorites */ = {
			isa = PBXGroup;
			children = (
			);
			path = Favorites;
			sourceTree = "<group>";
		};
		38E931F92D10CA6D0003D619 /* Cart */ = {
			isa = PBXGroup;
			children = (
				383634F22D177F0C00728CB1 /* View */,
				383634EE2D177C3000728CB1 /* CartViewModel.swift */,
				383634F02D177C4700728CB1 /* CartViewController.swift */,
			);
			path = Cart;
			sourceTree = "<group>";
		};
		38E931FA2D10CA780003D619 /* ProductDetail */ = {
			isa = PBXGroup;
			children = (
				383634E32D1763B700728CB1 /* ProductDetailViewModel.swift */,
				383634E52D17648C00728CB1 /* ProductDetailViewController.swift */,
			);
			path = ProductDetail;
			sourceTree = "<group>";
		};
		38E931FB2D10CA7E0003D619 /* ProductList */ = {
			isa = PBXGroup;
			children = (
				383634CB2D16E2EC00728CB1 /* Cell */,
				38A7A97C2D1359E7009B36B9 /* ProductsViewModel.swift */,
				38A7A97E2D136176009B36B9 /* ProductsViewController.swift */,
			);
			path = ProductList;
			sourceTree = "<group>";
		};
		38E931FC2D10CA8E0003D619 /* Models */ = {
			isa = PBXGroup;
			children = (
				38E932012D10CF230003D619 /* Product.swift */,
			);
			path = Models;
			sourceTree = "<group>";
		};
		38E931FD2D10CAA60003D619 /* Data */ = {
			isa = PBXGroup;
			children = (
				38E931FF2D10CAB10003D619 /* CoreData */,
				38E931FE2D10CAAA0003D619 /* Repository */,
			);
			path = Data;
			sourceTree = "<group>";
		};
		38E931FE2D10CAAA0003D619 /* Repository */ = {
			isa = PBXGroup;
			children = (
			);
			path = Repository;
			sourceTree = "<group>";
		};
		38E931FF2D10CAB10003D619 /* CoreData */ = {
			isa = PBXGroup;
			children = (
				383634E92D1776DB00728CB1 /* CartItemModel.xcdatamodeld */,
			);
			path = CoreData;
			sourceTree = "<group>";
		};
		38E932002D10CABD0003D619 /* Network */ = {
			isa = PBXGroup;
			children = (
				38E932092D10D6100003D619 /* NetworkManager.swift */,
				38E9320B2D10D7A70003D619 /* Endpoint.swift */,
				38E9320F2D10D7BC0003D619 /* HTTPMethod.swift */,
				38E932192D10D8950003D619 /* DataRequest.swift */,
				38A7A9802D136768009B36B9 /* NetworkError.swift */,
			);
			path = Network;
			sourceTree = "<group>";
		};
/* End PBXGroup section */

/* Begin PBXNativeTarget section */
		38E931BD2D10C8690003D619 /* ECommerceApp */ = {
			isa = PBXNativeTarget;
			buildConfigurationList = 38E931E82D10C86B0003D619 /* Build configuration list for PBXNativeTarget "ECommerceApp" */;
			buildPhases = (
				38E931BA2D10C8690003D619 /* Sources */,
				38E931BB2D10C8690003D619 /* Frameworks */,
				38E931BC2D10C8690003D619 /* Resources */,
			);
			buildRules = (
			);
			dependencies = (
			);
			name = ECommerceApp;
			packageProductDependencies = (
			);
			productName = ECommerceApp;
			productReference = 38E931BE2D10C8690003D619 /* ECommerceApp.app */;
			productType = "com.apple.product-type.application";
		};
		38E931D32D10C86B0003D619 /* ECommerceAppTests */ = {
			isa = PBXNativeTarget;
			buildConfigurationList = 38E931EB2D10C86B0003D619 /* Build configuration list for PBXNativeTarget "ECommerceAppTests" */;
			buildPhases = (
				38E931D02D10C86B0003D619 /* Sources */,
				38E931D12D10C86B0003D619 /* Frameworks */,
				38E931D22D10C86B0003D619 /* Resources */,
			);
			buildRules = (
			);
			dependencies = (
				38E931D62D10C86B0003D619 /* PBXTargetDependency */,
			);
			name = ECommerceAppTests;
			productName = ECommerceAppTests;
			productReference = 38E931D42D10C86B0003D619 /* ECommerceAppTests.xctest */;
			productType = "com.apple.product-type.bundle.unit-test";
		};
		38E931DD2D10C86B0003D619 /* ECommerceAppUITests */ = {
			isa = PBXNativeTarget;
			buildConfigurationList = 38E931EE2D10C86B0003D619 /* Build configuration list for PBXNativeTarget "ECommerceAppUITests" */;
			buildPhases = (
				38E931DA2D10C86B0003D619 /* Sources */,
				38E931DB2D10C86B0003D619 /* Frameworks */,
				38E931DC2D10C86B0003D619 /* Resources */,
			);
			buildRules = (
			);
			dependencies = (
				38E931E02D10C86B0003D619 /* PBXTargetDependency */,
			);
			name = ECommerceAppUITests;
			productName = ECommerceAppUITests;
			productReference = 38E931DE2D10C86B0003D619 /* ECommerceAppUITests.xctest */;
			productType = "com.apple.product-type.bundle.ui-testing";
		};
/* End PBXNativeTarget section */

/* Begin PBXProject section */
		38E931B62D10C8690003D619 /* Project object */ = {
			isa = PBXProject;
			attributes = {
				BuildIndependentTargetsInParallel = 1;
				LastSwiftUpdateCheck = 1500;
				LastUpgradeCheck = 1500;
				TargetAttributes = {
					38E931BD2D10C8690003D619 = {
						CreatedOnToolsVersion = 15.0.1;
					};
					38E931D32D10C86B0003D619 = {
						CreatedOnToolsVersion = 15.0.1;
						TestTargetID = 38E931BD2D10C8690003D619;
					};
					38E931DD2D10C86B0003D619 = {
						CreatedOnToolsVersion = 15.0.1;
						TestTargetID = 38E931BD2D10C8690003D619;
					};
				};
			};
			buildConfigurationList = 38E931B92D10C8690003D619 /* Build configuration list for PBXProject "ECommerceApp" */;
			compatibilityVersion = "Xcode 14.0";
			developmentRegion = en;
			hasScannedForEncodings = 0;
			knownRegions = (
				en,
				Base,
			);
			mainGroup = 38E931B52D10C8690003D619;
			packageReferences = (
			);
			productRefGroup = 38E931BF2D10C8690003D619 /* Products */;
			projectDirPath = "";
			projectRoot = "";
			targets = (
				38E931BD2D10C8690003D619 /* ECommerceApp */,
				38E931D32D10C86B0003D619 /* ECommerceAppTests */,
				38E931DD2D10C86B0003D619 /* ECommerceAppUITests */,
			);
		};
/* End PBXProject section */

/* Begin PBXResourcesBuildPhase section */
		38E931BC2D10C8690003D619 /* Resources */ = {
			isa = PBXResourcesBuildPhase;
			buildActionMask = 2147483647;
			files = (
				383634D22D16F69C00728CB1 /* Montserrat-Regular.ttf in Resources */,
				38E931CE2D10C86B0003D619 /* LaunchScreen.storyboard in Resources */,
				383634D62D16F6C100728CB1 /* Montserrat-Bold.ttf in Resources */,
				38E931CB2D10C86B0003D619 /* Assets.xcassets in Resources */,
				383634D02D16F68100728CB1 /* Montserrat-Black.ttf in Resources */,
				383634D42D16F6AD00728CB1 /* Montserrat-SemiBold.ttf in Resources */,
			);
			runOnlyForDeploymentPostprocessing = 0;
		};
		38E931D22D10C86B0003D619 /* Resources */ = {
			isa = PBXResourcesBuildPhase;
			buildActionMask = 2147483647;
			files = (
			);
			runOnlyForDeploymentPostprocessing = 0;
		};
		38E931DC2D10C86B0003D619 /* Resources */ = {
			isa = PBXResourcesBuildPhase;
			buildActionMask = 2147483647;
			files = (
			);
			runOnlyForDeploymentPostprocessing = 0;
		};
/* End PBXResourcesBuildPhase section */

/* Begin PBXSourcesBuildPhase section */
		38E931BA2D10C8690003D619 /* Sources */ = {
			isa = PBXSourcesBuildPhase;
			buildActionMask = 2147483647;
			files = (
				388197C32D14C56F00D3D3A1 /* TabBarController.swift in Sources */,
				383634DB2D173B6F00728CB1 /* FilterViewModel.swift in Sources */,
				38E9320C2D10D7A70003D619 /* Endpoint.swift in Sources */,
				38A7A97F2D136176009B36B9 /* ProductsViewController.swift in Sources */,
				383634EB2D1776DB00728CB1 /* CartItemModel.xcdatamodeld in Sources */,
				383634DD2D173DE600728CB1 /* FilterManager.swift in Sources */,
				383634C72D16D9CD00728CB1 /* BaseViewController.swift in Sources */,
				383634ED2D1778F900728CB1 /* CartManager.swift in Sources */,
				38A7A97D2D1359E7009B36B9 /* ProductsViewModel.swift in Sources */,
				383634EF2D177C3000728CB1 /* CartViewModel.swift in Sources */,
				38E9321A2D10D8950003D619 /* DataRequest.swift in Sources */,
				38E932102D10D7BC0003D619 /* HTTPMethod.swift in Sources */,
				383634F42D177F1F00728CB1 /* CartItemTableViewCell.swift in Sources */,
				38E932022D10CF230003D619 /* Product.swift in Sources */,
				38E931C22D10C8690003D619 /* AppDelegate.swift in Sources */,
				38A7A9812D136768009B36B9 /* NetworkError.swift in Sources */,
				38E9320A2D10D6100003D619 /* NetworkManager.swift in Sources */,
				383634D92D173A4700728CB1 /* FilterViewController.swift in Sources */,
				388197C02D14C2A800D3D3A1 /* Color+Ext.swift in Sources */,
				383634F62D17801A00728CB1 /* Integer+Ext.swift in Sources */,
				383634FA2D1791C000728CB1 /* ViewController.swift in Sources */,
				383634E22D17528700728CB1 /* FilterOptionButton.swift in Sources */,
				383634F12D177C4700728CB1 /* CartViewController.swift in Sources */,
				383634E02D1745FE00728CB1 /* FilterTableViewCell.swift in Sources */,
				38E931C42D10C8690003D619 /* SceneDelegate.swift in Sources */,
				383634E62D17648C00728CB1 /* ProductDetailViewController.swift in Sources */,
				383634E82D17668C00728CB1 /* String+Ext.swift in Sources */,
				383634CD2D16E30F00728CB1 /* ProductCollectionViewCell.swift in Sources */,
				383634E42D1763B700728CB1 /* ProductDetailViewModel.swift in Sources */,
			);
			runOnlyForDeploymentPostprocessing = 0;
		};
		38E931D02D10C86B0003D619 /* Sources */ = {
			isa = PBXSourcesBuildPhase;
			buildActionMask = 2147483647;
			files = (
				38E931D92D10C86B0003D619 /* ECommerceAppTests.swift in Sources */,
			);
			runOnlyForDeploymentPostprocessing = 0;
		};
		38E931DA2D10C86B0003D619 /* Sources */ = {
			isa = PBXSourcesBuildPhase;
			buildActionMask = 2147483647;
			files = (
				38E931E32D10C86B0003D619 /* ECommerceAppUITests.swift in Sources */,
				38E931E52D10C86B0003D619 /* ECommerceAppUITestsLaunchTests.swift in Sources */,
			);
			runOnlyForDeploymentPostprocessing = 0;
		};
/* End PBXSourcesBuildPhase section */

/* Begin PBXTargetDependency section */
		38E931D62D10C86B0003D619 /* PBXTargetDependency */ = {
			isa = PBXTargetDependency;
			target = 38E931BD2D10C8690003D619 /* ECommerceApp */;
			targetProxy = 38E931D52D10C86B0003D619 /* PBXContainerItemProxy */;
		};
		38E931E02D10C86B0003D619 /* PBXTargetDependency */ = {
			isa = PBXTargetDependency;
			target = 38E931BD2D10C8690003D619 /* ECommerceApp */;
			targetProxy = 38E931DF2D10C86B0003D619 /* PBXContainerItemProxy */;
		};
/* End PBXTargetDependency section */

/* Begin PBXVariantGroup section */
		38E931CC2D10C86B0003D619 /* LaunchScreen.storyboard */ = {
			isa = PBXVariantGroup;
			children = (
				38E931CD2D10C86B0003D619 /* Base */,
			);
			name = LaunchScreen.storyboard;
			sourceTree = "<group>";
		};
/* End PBXVariantGroup section */

/* Begin XCBuildConfiguration section */
		38E931E62D10C86B0003D619 /* Debug */ = {
			isa = XCBuildConfiguration;
			buildSettings = {
				ALWAYS_SEARCH_USER_PATHS = NO;
				ASSETCATALOG_COMPILER_GENERATE_SWIFT_ASSET_SYMBOL_EXTENSIONS = YES;
				CLANG_ANALYZER_NONNULL = YES;
				CLANG_ANALYZER_NUMBER_OBJECT_CONVERSION = YES_AGGRESSIVE;
				CLANG_CXX_LANGUAGE_STANDARD = "gnu++20";
				CLANG_ENABLE_MODULES = YES;
				CLANG_ENABLE_OBJC_ARC = YES;
				CLANG_ENABLE_OBJC_WEAK = YES;
				CLANG_WARN_BLOCK_CAPTURE_AUTORELEASING = YES;
				CLANG_WARN_BOOL_CONVERSION = YES;
				CLANG_WARN_COMMA = YES;
				CLANG_WARN_CONSTANT_CONVERSION = YES;
				CLANG_WARN_DEPRECATED_OBJC_IMPLEMENTATIONS = YES;
				CLANG_WARN_DIRECT_OBJC_ISA_USAGE = YES_ERROR;
				CLANG_WARN_DOCUMENTATION_COMMENTS = YES;
				CLANG_WARN_EMPTY_BODY = YES;
				CLANG_WARN_ENUM_CONVERSION = YES;
				CLANG_WARN_INFINITE_RECURSION = YES;
				CLANG_WARN_INT_CONVERSION = YES;
				CLANG_WARN_NON_LITERAL_NULL_CONVERSION = YES;
				CLANG_WARN_OBJC_IMPLICIT_RETAIN_SELF = YES;
				CLANG_WARN_OBJC_LITERAL_CONVERSION = YES;
				CLANG_WARN_OBJC_ROOT_CLASS = YES_ERROR;
				CLANG_WARN_QUOTED_INCLUDE_IN_FRAMEWORK_HEADER = YES;
				CLANG_WARN_RANGE_LOOP_ANALYSIS = YES;
				CLANG_WARN_STRICT_PROTOTYPES = YES;
				CLANG_WARN_SUSPICIOUS_MOVE = YES;
				CLANG_WARN_UNGUARDED_AVAILABILITY = YES_AGGRESSIVE;
				CLANG_WARN_UNREACHABLE_CODE = YES;
				CLANG_WARN__DUPLICATE_METHOD_MATCH = YES;
				COPY_PHASE_STRIP = NO;
				DEBUG_INFORMATION_FORMAT = dwarf;
				ENABLE_STRICT_OBJC_MSGSEND = YES;
				ENABLE_TESTABILITY = YES;
				ENABLE_USER_SCRIPT_SANDBOXING = YES;
				GCC_C_LANGUAGE_STANDARD = gnu17;
				GCC_DYNAMIC_NO_PIC = NO;
				GCC_NO_COMMON_BLOCKS = YES;
				GCC_OPTIMIZATION_LEVEL = 0;
				GCC_PREPROCESSOR_DEFINITIONS = (
					"DEBUG=1",
					"$(inherited)",
				);
				GCC_WARN_64_TO_32_BIT_CONVERSION = YES;
				GCC_WARN_ABOUT_RETURN_TYPE = YES_ERROR;
				GCC_WARN_UNDECLARED_SELECTOR = YES;
				GCC_WARN_UNINITIALIZED_AUTOS = YES_AGGRESSIVE;
				GCC_WARN_UNUSED_FUNCTION = YES;
				GCC_WARN_UNUSED_VARIABLE = YES;
				IPHONEOS_DEPLOYMENT_TARGET = 17.0;
				LOCALIZATION_PREFERS_STRING_CATALOGS = YES;
				MTL_ENABLE_DEBUG_INFO = INCLUDE_SOURCE;
				MTL_FAST_MATH = YES;
				ONLY_ACTIVE_ARCH = YES;
				SDKROOT = iphoneos;
				SWIFT_ACTIVE_COMPILATION_CONDITIONS = "DEBUG $(inherited)";
				SWIFT_OPTIMIZATION_LEVEL = "-Onone";
			};
			name = Debug;
		};
		38E931E72D10C86B0003D619 /* Release */ = {
			isa = XCBuildConfiguration;
			buildSettings = {
				ALWAYS_SEARCH_USER_PATHS = NO;
				ASSETCATALOG_COMPILER_GENERATE_SWIFT_ASSET_SYMBOL_EXTENSIONS = YES;
				CLANG_ANALYZER_NONNULL = YES;
				CLANG_ANALYZER_NUMBER_OBJECT_CONVERSION = YES_AGGRESSIVE;
				CLANG_CXX_LANGUAGE_STANDARD = "gnu++20";
				CLANG_ENABLE_MODULES = YES;
				CLANG_ENABLE_OBJC_ARC = YES;
				CLANG_ENABLE_OBJC_WEAK = YES;
				CLANG_WARN_BLOCK_CAPTURE_AUTORELEASING = YES;
				CLANG_WARN_BOOL_CONVERSION = YES;
				CLANG_WARN_COMMA = YES;
				CLANG_WARN_CONSTANT_CONVERSION = YES;
				CLANG_WARN_DEPRECATED_OBJC_IMPLEMENTATIONS = YES;
				CLANG_WARN_DIRECT_OBJC_ISA_USAGE = YES_ERROR;
				CLANG_WARN_DOCUMENTATION_COMMENTS = YES;
				CLANG_WARN_EMPTY_BODY = YES;
				CLANG_WARN_ENUM_CONVERSION = YES;
				CLANG_WARN_INFINITE_RECURSION = YES;
				CLANG_WARN_INT_CONVERSION = YES;
				CLANG_WARN_NON_LITERAL_NULL_CONVERSION = YES;
				CLANG_WARN_OBJC_IMPLICIT_RETAIN_SELF = YES;
				CLANG_WARN_OBJC_LITERAL_CONVERSION = YES;
				CLANG_WARN_OBJC_ROOT_CLASS = YES_ERROR;
				CLANG_WARN_QUOTED_INCLUDE_IN_FRAMEWORK_HEADER = YES;
				CLANG_WARN_RANGE_LOOP_ANALYSIS = YES;
				CLANG_WARN_STRICT_PROTOTYPES = YES;
				CLANG_WARN_SUSPICIOUS_MOVE = YES;
				CLANG_WARN_UNGUARDED_AVAILABILITY = YES_AGGRESSIVE;
				CLANG_WARN_UNREACHABLE_CODE = YES;
				CLANG_WARN__DUPLICATE_METHOD_MATCH = YES;
				COPY_PHASE_STRIP = NO;
				DEBUG_INFORMATION_FORMAT = "dwarf-with-dsym";
				ENABLE_NS_ASSERTIONS = NO;
				ENABLE_STRICT_OBJC_MSGSEND = YES;
				ENABLE_USER_SCRIPT_SANDBOXING = YES;
				GCC_C_LANGUAGE_STANDARD = gnu17;
				GCC_NO_COMMON_BLOCKS = YES;
				GCC_WARN_64_TO_32_BIT_CONVERSION = YES;
				GCC_WARN_ABOUT_RETURN_TYPE = YES_ERROR;
				GCC_WARN_UNDECLARED_SELECTOR = YES;
				GCC_WARN_UNINITIALIZED_AUTOS = YES_AGGRESSIVE;
				GCC_WARN_UNUSED_FUNCTION = YES;
				GCC_WARN_UNUSED_VARIABLE = YES;
				IPHONEOS_DEPLOYMENT_TARGET = 17.0;
				LOCALIZATION_PREFERS_STRING_CATALOGS = YES;
				MTL_ENABLE_DEBUG_INFO = NO;
				MTL_FAST_MATH = YES;
				SDKROOT = iphoneos;
				SWIFT_COMPILATION_MODE = wholemodule;
				VALIDATE_PRODUCT = YES;
			};
			name = Release;
		};
		38E931E92D10C86B0003D619 /* Debug */ = {
			isa = XCBuildConfiguration;
			buildSettings = {
				ASSETCATALOG_COMPILER_APPICON_NAME = AppIcon;
				ASSETCATALOG_COMPILER_GLOBAL_ACCENT_COLOR_NAME = AccentColor;
				CODE_SIGN_STYLE = Automatic;
				CURRENT_PROJECT_VERSION = 1;
				DEVELOPMENT_TEAM = S274C7V2R8;
				GENERATE_INFOPLIST_FILE = YES;
				INFOPLIST_FILE = ECommerceApp/Resources/Info.plist;
				INFOPLIST_KEY_UIApplicationSupportsIndirectInputEvents = YES;
				INFOPLIST_KEY_UILaunchStoryboardName = LaunchScreen;
				INFOPLIST_KEY_UISupportedInterfaceOrientations = UIInterfaceOrientationPortrait;
				INFOPLIST_KEY_UISupportedInterfaceOrientations_iPad = "UIInterfaceOrientationLandscapeLeft UIInterfaceOrientationLandscapeRight UIInterfaceOrientationPortrait UIInterfaceOrientationPortraitUpsideDown";
				IPHONEOS_DEPLOYMENT_TARGET = 15.0;
				LD_RUNPATH_SEARCH_PATHS = (
					"$(inherited)",
					"@executable_path/Frameworks",
				);
				MARKETING_VERSION = 1.0;
				PRODUCT_BUNDLE_IDENTIFIER = com.ramimutafa.ECommerceApp;
				PRODUCT_NAME = "$(TARGET_NAME)";
				SUPPORTED_PLATFORMS = "iphoneos iphonesimulator";
				SUPPORTS_MACCATALYST = NO;
				SUPPORTS_MAC_DESIGNED_FOR_IPHONE_IPAD = NO;
				SWIFT_EMIT_LOC_STRINGS = YES;
				SWIFT_VERSION = 5.0;
				TARGETED_DEVICE_FAMILY = 1;
			};
			name = Debug;
		};
		38E931EA2D10C86B0003D619 /* Release */ = {
			isa = XCBuildConfiguration;
			buildSettings = {
				ASSETCATALOG_COMPILER_APPICON_NAME = AppIcon;
				ASSETCATALOG_COMPILER_GLOBAL_ACCENT_COLOR_NAME = AccentColor;
				CODE_SIGN_STYLE = Automatic;
				CURRENT_PROJECT_VERSION = 1;
				DEVELOPMENT_TEAM = S274C7V2R8;
				GENERATE_INFOPLIST_FILE = YES;
				INFOPLIST_FILE = ECommerceApp/Resources/Info.plist;
				INFOPLIST_KEY_UIApplicationSupportsIndirectInputEvents = YES;
				INFOPLIST_KEY_UILaunchStoryboardName = LaunchScreen;
				INFOPLIST_KEY_UISupportedInterfaceOrientations = UIInterfaceOrientationPortrait;
				INFOPLIST_KEY_UISupportedInterfaceOrientations_iPad = "UIInterfaceOrientationLandscapeLeft UIInterfaceOrientationLandscapeRight UIInterfaceOrientationPortrait UIInterfaceOrientationPortraitUpsideDown";
				IPHONEOS_DEPLOYMENT_TARGET = 15.0;
				LD_RUNPATH_SEARCH_PATHS = (
					"$(inherited)",
					"@executable_path/Frameworks",
				);
				MARKETING_VERSION = 1.0;
				PRODUCT_BUNDLE_IDENTIFIER = com.ramimutafa.ECommerceApp;
				PRODUCT_NAME = "$(TARGET_NAME)";
				SUPPORTED_PLATFORMS = "iphoneos iphonesimulator";
				SUPPORTS_MACCATALYST = NO;
				SUPPORTS_MAC_DESIGNED_FOR_IPHONE_IPAD = NO;
				SWIFT_EMIT_LOC_STRINGS = YES;
				SWIFT_VERSION = 5.0;
				TARGETED_DEVICE_FAMILY = 1;
			};
			name = Release;
		};
		38E931EC2D10C86B0003D619 /* Debug */ = {
			isa = XCBuildConfiguration;
			buildSettings = {
				ALWAYS_EMBED_SWIFT_STANDARD_LIBRARIES = YES;
				BUNDLE_LOADER = "$(TEST_HOST)";
				CODE_SIGN_STYLE = Automatic;
				CURRENT_PROJECT_VERSION = 1;
				DEVELOPMENT_TEAM = S274C7V2R8;
				GENERATE_INFOPLIST_FILE = YES;
				IPHONEOS_DEPLOYMENT_TARGET = 17.0;
				MARKETING_VERSION = 1.0;
				PRODUCT_BUNDLE_IDENTIFIER = com.ramimutafa.ECommerceAppTests;
				PRODUCT_NAME = "$(TARGET_NAME)";
				SWIFT_EMIT_LOC_STRINGS = NO;
				SWIFT_VERSION = 5.0;
				TARGETED_DEVICE_FAMILY = "1,2";
				TEST_HOST = "$(BUILT_PRODUCTS_DIR)/ECommerceApp.app/$(BUNDLE_EXECUTABLE_FOLDER_PATH)/ECommerceApp";
			};
			name = Debug;
		};
		38E931ED2D10C86B0003D619 /* Release */ = {
			isa = XCBuildConfiguration;
			buildSettings = {
				ALWAYS_EMBED_SWIFT_STANDARD_LIBRARIES = YES;
				BUNDLE_LOADER = "$(TEST_HOST)";
				CODE_SIGN_STYLE = Automatic;
				CURRENT_PROJECT_VERSION = 1;
				DEVELOPMENT_TEAM = S274C7V2R8;
				GENERATE_INFOPLIST_FILE = YES;
				IPHONEOS_DEPLOYMENT_TARGET = 17.0;
				MARKETING_VERSION = 1.0;
				PRODUCT_BUNDLE_IDENTIFIER = com.ramimutafa.ECommerceAppTests;
				PRODUCT_NAME = "$(TARGET_NAME)";
				SWIFT_EMIT_LOC_STRINGS = NO;
				SWIFT_VERSION = 5.0;
				TARGETED_DEVICE_FAMILY = "1,2";
				TEST_HOST = "$(BUILT_PRODUCTS_DIR)/ECommerceApp.app/$(BUNDLE_EXECUTABLE_FOLDER_PATH)/ECommerceApp";
			};
			name = Release;
		};
		38E931EF2D10C86B0003D619 /* Debug */ = {
			isa = XCBuildConfiguration;
			buildSettings = {
				ALWAYS_EMBED_SWIFT_STANDARD_LIBRARIES = YES;
				CODE_SIGN_STYLE = Automatic;
				CURRENT_PROJECT_VERSION = 1;
				DEVELOPMENT_TEAM = S274C7V2R8;
				GENERATE_INFOPLIST_FILE = YES;
				MARKETING_VERSION = 1.0;
				PRODUCT_BUNDLE_IDENTIFIER = com.ramimutafa.ECommerceAppUITests;
				PRODUCT_NAME = "$(TARGET_NAME)";
				SWIFT_EMIT_LOC_STRINGS = NO;
				SWIFT_VERSION = 5.0;
				TARGETED_DEVICE_FAMILY = "1,2";
				TEST_TARGET_NAME = ECommerceApp;
			};
			name = Debug;
		};
		38E931F02D10C86B0003D619 /* Release */ = {
			isa = XCBuildConfiguration;
			buildSettings = {
				ALWAYS_EMBED_SWIFT_STANDARD_LIBRARIES = YES;
				CODE_SIGN_STYLE = Automatic;
				CURRENT_PROJECT_VERSION = 1;
				DEVELOPMENT_TEAM = S274C7V2R8;
				GENERATE_INFOPLIST_FILE = YES;
				MARKETING_VERSION = 1.0;
				PRODUCT_BUNDLE_IDENTIFIER = com.ramimutafa.ECommerceAppUITests;
				PRODUCT_NAME = "$(TARGET_NAME)";
				SWIFT_EMIT_LOC_STRINGS = NO;
				SWIFT_VERSION = 5.0;
				TARGETED_DEVICE_FAMILY = "1,2";
				TEST_TARGET_NAME = ECommerceApp;
			};
			name = Release;
		};
/* End XCBuildConfiguration section */

/* Begin XCConfigurationList section */
		38E931B92D10C8690003D619 /* Build configuration list for PBXProject "ECommerceApp" */ = {
			isa = XCConfigurationList;
			buildConfigurations = (
				38E931E62D10C86B0003D619 /* Debug */,
				38E931E72D10C86B0003D619 /* Release */,
			);
			defaultConfigurationIsVisible = 0;
			defaultConfigurationName = Release;
		};
		38E931E82D10C86B0003D619 /* Build configuration list for PBXNativeTarget "ECommerceApp" */ = {
			isa = XCConfigurationList;
			buildConfigurations = (
				38E931E92D10C86B0003D619 /* Debug */,
				38E931EA2D10C86B0003D619 /* Release */,
			);
			defaultConfigurationIsVisible = 0;
			defaultConfigurationName = Release;
		};
		38E931EB2D10C86B0003D619 /* Build configuration list for PBXNativeTarget "ECommerceAppTests" */ = {
			isa = XCConfigurationList;
			buildConfigurations = (
				38E931EC2D10C86B0003D619 /* Debug */,
				38E931ED2D10C86B0003D619 /* Release */,
			);
			defaultConfigurationIsVisible = 0;
			defaultConfigurationName = Release;
		};
		38E931EE2D10C86B0003D619 /* Build configuration list for PBXNativeTarget "ECommerceAppUITests" */ = {
			isa = XCConfigurationList;
			buildConfigurations = (
				38E931EF2D10C86B0003D619 /* Debug */,
				38E931F02D10C86B0003D619 /* Release */,
			);
			defaultConfigurationIsVisible = 0;
			defaultConfigurationName = Release;
		};
/* End XCConfigurationList section */

/* Begin XCVersionGroup section */
		383634E92D1776DB00728CB1 /* CartItemModel.xcdatamodeld */ = {
			isa = XCVersionGroup;
			children = (
				383634EA2D1776DB00728CB1 /* CartItemModel.xcdatamodel */,
			);
			currentVersion = 383634EA2D1776DB00728CB1 /* CartItemModel.xcdatamodel */;
			path = CartItemModel.xcdatamodeld;
			sourceTree = "<group>";
			versionGroupType = wrapper.xcdatamodel;
		};
/* End XCVersionGroup section */
	};
	rootObject = 38E931B62D10C8690003D619 /* Project object */;
}
